
Microsoft Visual Studio Solution File, Format Version 12.00
# Visual Studio 14
VisualStudioVersion = 14.0.22129.1
MinimumVisualStudioVersion = 10.0.40219.1
Project("{FAE04EC0-301F-11D3-BF4B-00C04F79EFBC}") = "MsilInterpreterLib", "MsilInterpreterLib\MsilInterpreterLib.csproj", "{BC9A9CCA-0365-4DE0-8C0A-4F5993DF4FD6}"
EndProject
Project("{FAE04EC0-301F-11D3-BF4B-00C04F79EFBC}") = "MsilInterpreter.Tests", "MsilInterpreter.Tests\MsilInterpreter.Tests.csproj", "{D9F8DFF8-0068-4165-A5A2-7BF842D27FAC}"
EndProject
Global
	GlobalSection(SolutionConfigurationPlatforms) = preSolution
		Debug|Any CPU = Debug|Any CPU
		Release|Any CPU = Release|Any CPU
	EndGlobalSection
	GlobalSection(ProjectConfigurationPlatforms) = postSolution
		{BC9A9CCA-0365-4DE0-8C0A-4F5993DF4FD6}.Debug|Any CPU.ActiveCfg = Debug|Any CPU
		{BC9A9CCA-0365-4DE0-8C0A-4F5993DF4FD6}.Debug|Any CPU.Build.0 = Debug|Any CPU
		{BC9A9CCA-0365-4DE0-8C0A-4F5993DF4FD6}.Release|Any CPU.ActiveCfg = Release|Any CPU
		{BC9A9CCA-0365-4DE0-8C0A-4F5993DF4FD6}.Release|Any CPU.Build.0 = Release|Any CPU
		{D9F8DFF8-0068-4165-A5A2-7BF842D27FAC}.Debug|Any CPU.ActiveCfg = Debug|Any CPU
		{D9F8DFF8-0068-4165-A5A2-7BF842D27FAC}.Debug|Any CPU.Build.0 = Debug|Any CPU
		{D9F8DFF8-0068-4165-A5A2-7BF842D27FAC}.Release|Any CPU.ActiveCfg = Release|Any CPU
		{D9F8DFF8-0068-4165-A5A2-7BF842D27FAC}.Release|Any CPU.Build.0 = Release|Any CPU
	EndGlobalSection
	GlobalSection(SolutionProperties) = preSolution
		HideSolutionNode = FALSE
	EndGlobalSection
EndGlobal
